
Microsoft Visual Studio Solution File, Format Version 12.00
# Visual Studio Version 17
VisualStudioVersion = 17.3.32922.545
MinimumVisualStudioVersion = 10.0.40219.1
Project("{FAE04EC0-301F-11D3-BF4B-00C04F79EFBC}") = "Atividade Curriculo", "Atividade Curriculo\Atividade Curriculo.csproj", "{30E1D157-2840-45FA-A84C-764DB7285A1D}"
EndProject
Global
	GlobalSection(SolutionConfigurationPlatforms) = preSolution
		Debug|Any CPU = Debug|Any CPU
		Release|Any CPU = Release|Any CPU
	EndGlobalSection
	GlobalSection(ProjectConfigurationPlatforms) = postSolution
		{30E1D157-2840-45FA-A84C-764DB7285A1D}.Debug|Any CPU.ActiveCfg = Debug|Any CPU
		{30E1D157-2840-45FA-A84C-764DB7285A1D}.Debug|Any CPU.Build.0 = Debug|Any CPU
		{30E1D157-2840-45FA-A84C-764DB7285A1D}.Release|Any CPU.ActiveCfg = Release|Any CPU
		{30E1D157-2840-45FA-A84C-764DB7285A1D}.Release|Any CPU.Build.0 = Release|Any CPU
	EndGlobalSection
	GlobalSection(SolutionProperties) = preSolution
		HideSolutionNode = FALSE
	EndGlobalSection
	GlobalSection(ExtensibilityGlobals) = postSolution
		SolutionGuid = {3E081CEC-EE32-4B79-A441-45B166320512}
	EndGlobalSection
EndGlobal
